
Microsoft Visual Studio Solution File, Format Version 12.00
# Visual Studio 15
VisualStudioVersion = 15.0.26730.16
MinimumVisualStudioVersion = 10.0.40219.1
Project("{FAE04EC0-301F-11D3-BF4B-00C04F79EFBC}") = "EmployeeManagementSystem", "EmployeeManagementSystem\EmployeeManagementSystem.csproj", "{32E32989-56C0-4E71-B540-BD181DCE7335}"
EndProject
Global
	GlobalSection(SolutionConfigurationPlatforms) = preSolution
		Debug|Any CPU = Debug|Any CPU
		Release|Any CPU = Release|Any CPU
	EndGlobalSection
	GlobalSection(ProjectConfigurationPlatforms) = postSolution
		{32E32989-56C0-4E71-B540-BD181DCE7335}.Debug|Any CPU.ActiveCfg = Debug|Any CPU
		{32E32989-56C0-4E71-B540-BD181DCE7335}.Debug|Any CPU.Build.0 = Debug|Any CPU
		{32E32989-56C0-4E71-B540-BD181DCE7335}.Release|Any CPU.ActiveCfg = Release|Any CPU
		{32E32989-56C0-4E71-B540-BD181DCE7335}.Release|Any CPU.Build.0 = Release|Any CPU
	EndGlobalSection
	GlobalSection(SolutionProperties) = preSolution
		HideSolutionNode = FALSE
	EndGlobalSection
	GlobalSection(ExtensibilityGlobals) = postSolution
		SolutionGuid = {E2E273A8-4C40-457F-9005-6C41A2E8FA9A}
	EndGlobalSection
EndGlobal
